
Microsoft Visual Studio Solution File, Format Version 12.00
# Visual Studio Version 17
VisualStudioVersion = 17.6.33829.357
MinimumVisualStudioVersion = 10.0.40219.1
Project("{FAE04EC0-301F-11D3-BF4B-00C04F79EFBC}") = "Calculator_MVC", "Calculator_MVC\Calculator_MVC.csproj", "{757F11D9-A090-491F-A2D2-CB86BD3309C6}"
EndProject
Global
	GlobalSection(SolutionConfigurationPlatforms) = preSolution
		Debug|Any CPU = Debug|Any CPU
		Release|Any CPU = Release|Any CPU
	EndGlobalSection
	GlobalSection(ProjectConfigurationPlatforms) = postSolution
		{757F11D9-A090-491F-A2D2-CB86BD3309C6}.Debug|Any CPU.ActiveCfg = Debug|Any CPU
		{757F11D9-A090-491F-A2D2-CB86BD3309C6}.Debug|Any CPU.Build.0 = Debug|Any CPU
		{757F11D9-A090-491F-A2D2-CB86BD3309C6}.Release|Any CPU.ActiveCfg = Release|Any CPU
		{757F11D9-A090-491F-A2D2-CB86BD3309C6}.Release|Any CPU.Build.0 = Release|Any CPU
	EndGlobalSection
	GlobalSection(SolutionProperties) = preSolution
		HideSolutionNode = FALSE
	EndGlobalSection
	GlobalSection(ExtensibilityGlobals) = postSolution
		SolutionGuid = {AAEFBD13-8635-4177-966A-FA3311CE7971}
	EndGlobalSection
EndGlobal
